
Microsoft Visual Studio Solution File, Format Version 12.00
# Visual Studio Version 17
VisualStudioVersion = 17.11.35312.102
MinimumVisualStudioVersion = 10.0.40219.1
Project("{FAE04EC0-301F-11D3-BF4B-00C04F79EFBC}") = "Common", "Common\Common.csproj", "{9157A9DD-192D-4ECC-A1E7-C5ADD040E2C2}"
EndProject
Global
	GlobalSection(SolutionConfigurationPlatforms) = preSolution
		Debug|Any CPU = Debug|Any CPU
		Release|Any CPU = Release|Any CPU
	EndGlobalSection
	GlobalSection(ProjectConfigurationPlatforms) = postSolution
		{9157A9DD-192D-4ECC-A1E7-C5ADD040E2C2}.Debug|Any CPU.ActiveCfg = Debug|Any CPU
		{9157A9DD-192D-4ECC-A1E7-C5ADD040E2C2}.Debug|Any CPU.Build.0 = Debug|Any CPU
		{9157A9DD-192D-4ECC-A1E7-C5ADD040E2C2}.Release|Any CPU.ActiveCfg = Release|Any CPU
		{9157A9DD-192D-4ECC-A1E7-C5ADD040E2C2}.Release|Any CPU.Build.0 = Release|Any CPU
	EndGlobalSection
	GlobalSection(SolutionProperties) = preSolution
		HideSolutionNode = FALSE
	EndGlobalSection
	GlobalSection(ExtensibilityGlobals) = postSolution
		SolutionGuid = {05178F84-0859-41A8-9BD7-13678849F6A7}
	EndGlobalSection
EndGlobal
