
Microsoft Visual Studio Solution File, Format Version 12.00
# Visual Studio Version 17
VisualStudioVersion = 17.11.35312.102
MinimumVisualStudioVersion = 10.0.40219.1
Project("{FAE04EC0-301F-11D3-BF4B-00C04F79EFBC}") = "Common", "Common\Common.csproj", "{9157A9DD-192D-4ECC-A1E7-C5ADD040E2C2}"
EndProject
Project("{FAE04EC0-301F-11D3-BF4B-00C04F79EFBC}") = "Server", "Server\Server.csproj", "{A97A1B63-7860-4E7A-A347-6657FDB0BFBC}"
EndProject
Project("{FAE04EC0-301F-11D3-BF4B-00C04F79EFBC}") = "Client", "Client\Client.csproj", "{403BC909-5070-4C18-BB63-61E63FB1FCF9}"
EndProject
Project("{FAE04EC0-301F-11D3-BF4B-00C04F79EFBC}") = "ClientWPF", "ClientWPF\ClientWPF.csproj", "{A3F81D17-D38F-4A56-A719-3DEBD5626064}"
EndProject
Global
	GlobalSection(SolutionConfigurationPlatforms) = preSolution
		Debug|Any CPU = Debug|Any CPU
		Release|Any CPU = Release|Any CPU
	EndGlobalSection
	GlobalSection(ProjectConfigurationPlatforms) = postSolution
		{9157A9DD-192D-4ECC-A1E7-C5ADD040E2C2}.Debug|Any CPU.ActiveCfg = Debug|Any CPU
		{9157A9DD-192D-4ECC-A1E7-C5ADD040E2C2}.Debug|Any CPU.Build.0 = Debug|Any CPU
		{9157A9DD-192D-4ECC-A1E7-C5ADD040E2C2}.Release|Any CPU.ActiveCfg = Release|Any CPU
		{9157A9DD-192D-4ECC-A1E7-C5ADD040E2C2}.Release|Any CPU.Build.0 = Release|Any CPU
		{A97A1B63-7860-4E7A-A347-6657FDB0BFBC}.Debug|Any CPU.ActiveCfg = Debug|Any CPU
		{A97A1B63-7860-4E7A-A347-6657FDB0BFBC}.Debug|Any CPU.Build.0 = Debug|Any CPU
		{A97A1B63-7860-4E7A-A347-6657FDB0BFBC}.Release|Any CPU.ActiveCfg = Release|Any CPU
		{A97A1B63-7860-4E7A-A347-6657FDB0BFBC}.Release|Any CPU.Build.0 = Release|Any CPU
		{403BC909-5070-4C18-BB63-61E63FB1FCF9}.Debug|Any CPU.ActiveCfg = Debug|Any CPU
		{403BC909-5070-4C18-BB63-61E63FB1FCF9}.Debug|Any CPU.Build.0 = Debug|Any CPU
		{403BC909-5070-4C18-BB63-61E63FB1FCF9}.Release|Any CPU.ActiveCfg = Release|Any CPU
		{403BC909-5070-4C18-BB63-61E63FB1FCF9}.Release|Any CPU.Build.0 = Release|Any CPU
		{A3F81D17-D38F-4A56-A719-3DEBD5626064}.Debug|Any CPU.ActiveCfg = Debug|Any CPU
		{A3F81D17-D38F-4A56-A719-3DEBD5626064}.Debug|Any CPU.Build.0 = Debug|Any CPU
		{A3F81D17-D38F-4A56-A719-3DEBD5626064}.Release|Any CPU.ActiveCfg = Release|Any CPU
		{A3F81D17-D38F-4A56-A719-3DEBD5626064}.Release|Any CPU.Build.0 = Release|Any CPU
	EndGlobalSection
	GlobalSection(SolutionProperties) = preSolution
		HideSolutionNode = FALSE
	EndGlobalSection
	GlobalSection(ExtensibilityGlobals) = postSolution
		SolutionGuid = {05178F84-0859-41A8-9BD7-13678849F6A7}
	EndGlobalSection
EndGlobal
